{
  "lockfile_version": "1",
  "packages": {
    "bun@latest": {
      "last_modified": "2026-07-15T11:37:32Z",
      "resolved": "github:NixOS/nixpkgs/35d3407a3816f3b341d8cf1d60abaf2b7b8166ac#bun",
      "source": "devbox-search",
      "version": "1.3.13",
      "systems": {
        "aarch64-darwin": {
          "outputs": [
            {
              "name": "out",
              "path": "/nix/store/va71kxwaiwnbcf4c119hwfvs6qhkm67n-bun-1.3.13",
              "default": true
            }
          ],
          "store_path": "/nix/store/va71kxwaiwnbcf4c119hwfvs6qhkm67n-bun-1.3.13"
        },
        "aarch64-linux": {
          "outputs": [
            {
              "name": "out",
              "path": "/nix/store/7vz895d4jih9ynq9pl2r3i6md8i1az34-bun-1.3.13",
              "default": true
            }
          ],
          "store_path": "/nix/store/7vz895d4jih9ynq9pl2r3i6md8i1az34-bun-1.3.13"
        },
        "x86_64-darwin": {
          "outputs": [
            {
              "name": "out",
              "path": "/nix/store/wn9cggwqflvqryxxb9xinl9iygndm8d9-bun-1.3.13",
              "default": true
            }
          ],
          "store_path": "/nix/store/wn9cggwqflvqryxxb9xinl9iygndm8d9-bun-1.3.13"
        },
        "x86_64-linux": {
          "outputs": [
            {
              "name": "out",
              "path": "/nix/store/9ari7qcwfwkqcnr9kpf9fhbshmyhp98k-bun-1.3.13",
              "default": true
            }
          ],
          "store_path": "/nix/store/9ari7qcwfwkqcnr9kpf9fhbshmyhp98k-bun-1.3.13"
        }
      }
    },
    "dotnet-sdk@latest": {
      "last_modified": "2026-07-16T04:38:10Z",
      "resolved": "github:NixOS/nixpkgs/6368bc923cec55a5f78960ade0cb4dd99580e087#dotnet-sdk",
      "source": "devbox-search",
      "version": "8.0.422",
      "systems": {
        "aarch64-darwin": {
          "outputs": [
            {
              "name": "out",
              "path": "/nix/store/kkqxrqkb9a6lgc8rai56ak291h7fydgz-dotnet-sdk-wrapped-8.0.422",
              "default": true
            }
          ],
          "store_path": "/nix/store/kkqxrqkb9a6lgc8rai56ak291h7fydgz-dotnet-sdk-wrapped-8.0.422"
        },
        "aarch64-linux": {
          "outputs": [
            {
              "name": "out",
              "path": "/nix/store/vy5f3s0yf4b2xpfik671s0gkvzv34144-dotnet-sdk-wrapped-8.0.422",
              "default": true
            }
          ],
          "store_path": "/nix/store/vy5f3s0yf4b2xpfik671s0gkvzv34144-dotnet-sdk-wrapped-8.0.422"
        },
        "x86_64-darwin": {
          "outputs": [
            {
              "name": "out",
              "path": "/nix/store/0sabad2j2ahgzawmr3w8lafr3y6z3l63-dotnet-sdk-wrapped-8.0.422",
              "default": true
            }
          ],
          "store_path": "/nix/store/0sabad2j2ahgzawmr3w8lafr3y6z3l63-dotnet-sdk-wrapped-8.0.422"
        },
        "x86_64-linux": {
          "outputs": [
            {
              "name": "out",
              "path": "/nix/store/2ihbq8lbhzm1n78iav57qsydvqhnbci4-dotnet-sdk-wrapped-8.0.422",
              "default": true
            }
          ],
          "store_path": "/nix/store/2ihbq8lbhzm1n78iav57qsydvqhnbci4-dotnet-sdk-wrapped-8.0.422"
        }
      }
    },
    "ducker@latest": {
      "last_modified": "2026-07-08T21:13:06Z",
      "resolved": "github:NixOS/nixpkgs/389ed85304b281ca7f306cf8a1eb4378651ca44e#ducker",
      "source": "devbox-search",
      "version": "0.6.5",
      "systems": {
        "aarch64-darwin": {
          "outputs": [
            {
              "name": "out",
              "path": "/nix/store/xfbcr7hk0854nqrqsdz3mqs68waz0qa6-ducker-0.6.5",
              "default": true
            }
          ],
          "store_path": "/nix/store/xfbcr7hk0854nqrqsdz3mqs68waz0qa6-ducker-0.6.5"
        },
        "aarch64-linux": {
          "outputs": [
            {
              "name": "out",
              "path": "/nix/store/s37i75zivl1zrjcr3wqqd8b2pxyirjpk-ducker-0.6.5",
              "default": true
            }
          ],
          "store_path": "/nix/store/s37i75zivl1zrjcr3wqqd8b2pxyirjpk-ducker-0.6.5"
        },
        "x86_64-darwin": {
          "outputs": [
            {
              "name": "out",
              "path": "/nix/store/vblimblkh23kax00l344af403rqslxli-ducker-0.6.5",
              "default": true
            }
          ],
          "store_path": "/nix/store/vblimblkh23kax00l344af403rqslxli-ducker-0.6.5"
        },
        "x86_64-linux": {
          "outputs": [
            {
              "name": "out",
              "path": "/nix/store/gkzyjy0izjryx12fm5aji9rnjz034bbi-ducker-0.6.5",
              "default": true
            }
          ],
          "store_path": "/nix/store/gkzyjy0izjryx12fm5aji9rnjz034bbi-ducker-0.6.5"
        }
      }
    },
    "github:NixOS/nixpkgs/nixpkgs-unstable": {
      "last_modified": "2026-07-20T13:48:30Z",
      "resolved": "github:NixOS/nixpkgs/421eebfd0ec7bccd4abe826ce62d7e6e83129493?lastModified=1784555310"
    },
    "github:dagger/nix#packages.aarch64-darwin.dagger": {
      "last_modified": "2026-06-17T17:43:00Z",
      "resolved": "github:dagger/nix/c93d69f685b8a58eaa767eaaf189b0ac6f4f741a?lastModified=1781718180#packages.aarch64-darwin.dagger"
    },
    "github:dagger/nix#packages.x86_64-linux.dagger": {
      "last_modified": "2026-09-30T16:26:39Z",
      "resolved": "github:dagger/nix/21ee7262e0ccfffba6bd43c9044fb4c5c8db2d91?lastModified=1790785599&narHash=sha256-QU%2FBReRMn7ntSjNQ2IwvGJ2qPHwmTLxRKYAuDzGVlnk%3D#packages.x86_64-linux.dagger"
    },
    "grpcurl@latest": {
      "last_modified": "2026-07-08T21:13:06Z",
      "resolved": "github:NixOS/nixpkgs/389ed85304b281ca7f306cf8a1eb4378651ca44e#grpcurl",
      "source": "devbox-search",
      "version": "1.9.3",
      "systems": {
        "aarch64-darwin": {
          "outputs": [
            {
              "name": "out",
              "path": "/nix/store/b9516x71bd0c8qfsn0lz56198ci48g1j-grpcurl-1.9.3",
              "default": true
            }
          ],
          "store_path": "/nix/store/b9516x71bd0c8qfsn0lz56198ci48g1j-grpcurl-1.9.3"
        },
        "aarch64-linux": {
          "outputs": [
            {
              "name": "out",
              "path": "/nix/store/7fi44kxl2rxcdcp4czyi55001n4r3xzh-grpcurl-1.9.3",
              "default": true
            }
          ],
          "store_path": "/nix/store/7fi44kxl2rxcdcp4czyi55001n4r3xzh-grpcurl-1.9.3"
        },
        "x86_64-darwin": {
          "outputs": [
            {
              "name": "out",
              "path": "/nix/store/r47xfzg91f9y9b0slnmxhij4vdg7755x-grpcurl-1.9.3",
              "default": true
            }
          ],
          "store_path": "/nix/store/r47xfzg91f9y9b0slnmxhij4vdg7755x-grpcurl-1.9.3"
        },
        "x86_64-linux": {
          "outputs": [
            {
              "name": "out",
              "path": "/nix/store/xajgpy17ga3pihrymhfvqw8776h2vgfc-grpcurl-1.9.3",
              "default": true
            }
          ],
          "store_path": "/nix/store/xajgpy17ga3pihrymhfvqw8776h2vgfc-grpcurl-1.9.3"
        }
      }
    },
    "xh@latest": {
      "last_modified": "2026-07-08T21:13:06Z",
      "resolved": "github:NixOS/nixpkgs/389ed85304b281ca7f306cf8a1eb4378651ca44e#xh",
      "source": "devbox-search",
      "version": "0.26.1",
      "systems": {
        "aarch64-darwin": {
          "outputs": [
            {
              "name": "out",
              "path": "/nix/store/n39rlicbx66y65yliidm9nki9hrr62fi-xh-0.26.1",
              "default": true
            }
          ],
          "store_path": "/nix/store/n39rlicbx66y65yliidm9nki9hrr62fi-xh-0.26.1"
        },
        "aarch64-linux": {
          "outputs": [
            {
              "name": "out",
              "path": "/nix/store/wdzw97x5f584ydyxqzx3gb1kz21wmgwy-xh-0.26.1",
              "default": true
            }
          ],
          "store_path": "/nix/store/wdzw97x5f584ydyxqzx3gb1kz21wmgwy-xh-0.26.1"
        },
        "x86_64-darwin": {
          "outputs": [
            {
              "name": "out",
              "path": "/nix/store/02gnd1nb3fzij5pn49vk1hw9lkw44v5b-xh-0.26.1",
              "default": true
            }
          ],
          "store_path": "/nix/store/02gnd1nb3fzij5pn49vk1hw9lkw44v5b-xh-0.26.1"
        },
        "x86_64-linux": {
          "outputs": [
            {
              "name": "out",
              "path": "/nix/store/si91v8f030n4dqh4h3l2ianmsfzlzqj2-xh-0.26.1",
              "default": true
            }
          ],
          "store_path": "/nix/store/si91v8f030n4dqh4h3l2ianmsfzlzqj2-xh-0.26.1"
        }
      }
    }
  }
}
